{
  "nodes": {
    "emacs": {
      "locked": {
        "lastModified": 1647309080,
        "narHash": "sha256-XJWDSmLu1jgu06sil76kXX8EYMppcBb9fQuh2UEp9Io=",
        "owner": "nix-community",
        "repo": "emacs-overlay",
        "rev": "1e6e66e83b1234963b4b2fdee73c8ebf002292de",
        "type": "github"
      },
      "original": {
        "owner": "nix-community",
        "repo": "emacs-overlay",
        "type": "github"
      }
    },
    "extra-container": {
      "inputs": {
        "flake-utils": "flake-utils",
        "nixpkgs": "nixpkgs"
      },
      "locked": {
        "lastModified": 1634384804,
        "narHash": "sha256-QEWKjO1SRgwupq+7eLuokRrFBIq3Dr4U578lUj4w31g=",
        "owner": "erikarvstedt",
        "repo": "extra-container",
        "rev": "639d62a24932409962857d2134fc9fc3cc5b6b61",
        "type": "github"
      },
      "original": {
        "owner": "erikarvstedt",
        "repo": "extra-container",
        "type": "github"
      }
    },
    "flake-compat": {
      "flake": false,
      "locked": {
        "lastModified": 1641205782,
        "narHash": "sha256-4jY7RCWUoZ9cKD8co0/4tFARpWB+57+r1bLLvXNJliY=",
        "owner": "edolstra",
        "repo": "flake-compat",
        "rev": "b7547d3eed6f32d06102ead8991ec52ab0a4f1a7",
        "type": "github"
      },
      "original": {
        "owner": "edolstra",
        "repo": "flake-compat",
        "type": "github"
      }
    },
    "flake-utils": {
      "locked": {
        "lastModified": 1631561581,
        "narHash": "sha256-3VQMV5zvxaVLvqqUrNz3iJelLw30mIVSfZmAaauM3dA=",
        "owner": "numtide",
        "repo": "flake-utils",
        "rev": "7e5bf3925f6fbdfaf50a2a7ca0be2879c4261d19",
        "type": "github"
      },
      "original": {
        "owner": "numtide",
        "repo": "flake-utils",
        "type": "github"
      }
    },
    "flake-utils_2": {
      "locked": {
        "lastModified": 1644229661,
        "narHash": "sha256-1YdnJAsNy69bpcjuoKdOYQX0YxZBiCYZo4Twxerqv7k=",
        "owner": "numtide",
        "repo": "flake-utils",
        "rev": "3cecb5b042f7f209c56ffd8371b2711a290ec797",
        "type": "github"
      },
      "original": {
        "owner": "numtide",
        "repo": "flake-utils",
        "type": "github"
      }
    },
    "hardware": {
      "locked": {
        "lastModified": 1646825982,
        "narHash": "sha256-uWvS4UFkdE4Iqk1pXhxkZqPsqI+Z2V9VRmLxGUFejbY=",
        "owner": "nixos",
        "repo": "nixos-hardware",
        "rev": "816a935bf5aa5f77cb1f03ebfe20ab13b112d0f1",
        "type": "github"
      },
      "original": {
        "owner": "nixos",
        "repo": "nixos-hardware",
        "type": "github"
      }
    },
    "home-manager": {
      "inputs": {
        "nixpkgs": "nixpkgs_2"
      },
      "locked": {
        "lastModified": 1647210221,
        "narHash": "sha256-mUWwEq+ReRQjIqj28ClqmBDyKV4fr6C5ufqlXLzZFsk=",
        "owner": "nix-community",
        "repo": "home-manager",
        "rev": "8eb7c009f09f1f7b1ec151e5d537104acf42213a",
        "type": "github"
      },
      "original": {
        "owner": "nix-community",
        "repo": "home-manager",
        "type": "github"
      }
    },
    "impermanence": {
      "locked": {
        "lastModified": 1646131459,
        "narHash": "sha256-GPmgxvUFvQ1GmsGfWHy9+rcxWrczeDhS9XnAIPHi9XQ=",
        "owner": "nix-community",
        "repo": "impermanence",
        "rev": "2f39baeb7d039fda5fc8225111bb79474138e6f4",
        "type": "github"
      },
      "original": {
        "owner": "nix-community",
        "repo": "impermanence",
        "type": "github"
      }
    },
    "j": {
      "locked": {
        "lastModified": 1647309179,
        "narHash": "sha256-MjW7fmXEVglLCY0APYNOQfLolrjSwI8O7eSACn6zRKM=",
        "owner": "shadowrylander",
        "repo": "nixpkgs",
        "rev": "ad922c64cd203104e7415baf3619eb2d4c3e81f3",
        "type": "github"
      },
      "original": {
        "owner": "shadowrylander",
        "ref": "j",
        "repo": "nixpkgs",
        "type": "github"
      }
    },
    "lowdown-src": {
      "flake": false,
      "locked": {
        "lastModified": 1633514407,
        "narHash": "sha256-Dw32tiMjdK9t3ETl5fzGrutQTzh2rufgZV4A/BbxuD4=",
        "owner": "kristapsdz",
        "repo": "lowdown",
        "rev": "d2c2b44ff6c27b936ec27358a2653caaef8f73b8",
        "type": "github"
      },
      "original": {
        "owner": "kristapsdz",
        "repo": "lowdown",
        "type": "github"
      }
    },
    "master": {
      "locked": {
        "lastModified": 1647309068,
        "narHash": "sha256-+8mazL4KLh6VltXYJc5+QFA5Q1i+Uh/TadRl9/+qcx8=",
        "owner": "NixOS",
        "repo": "nixpkgs",
        "rev": "519d8d2444873110885e006292ac5d65d64ce4c5",
        "type": "github"
      },
      "original": {
        "owner": "NixOS",
        "ref": "master",
        "repo": "nixpkgs",
        "type": "github"
      }
    },
    "mozilla": {
      "locked": {
        "lastModified": 1645464064,
        "narHash": "sha256-YeN4bpPvHkVOpQzb8APTAfE7/R+MFMwJUMkqmfvytSk=",
        "owner": "mozilla",
        "repo": "nixpkgs-mozilla",
        "rev": "15b7a05f20aab51c4ffbefddb1b448e862dccb7d",
        "type": "github"
      },
      "original": {
        "owner": "mozilla",
        "repo": "nixpkgs-mozilla",
        "type": "github"
      }
    },
    "nix": {
      "inputs": {
        "lowdown-src": "lowdown-src",
        "nixpkgs": "nixpkgs_3",
        "nixpkgs-regression": "nixpkgs-regression"
      },
      "locked": {
        "lastModified": 1647263870,
        "narHash": "sha256-zyLKsDQ8bgzs3ZgxGHWnhopxe1OVu2nZK9HwTfbr7UQ=",
        "owner": "nixos",
        "repo": "nix",
        "rev": "a61809722fc85a803d412d66667e02e35a8d229a",
        "type": "github"
      },
      "original": {
        "owner": "nixos",
        "repo": "nix",
        "type": "github"
      }
    },
    "nixos-21-11": {
      "locked": {
        "narHash": "sha256-kzj2D/BKNo5wCjipW+jE77Rkype2di7rA2mvJj0VUnA=",
        "type": "tarball",
        "url": "https://nixos.org/channels/nixos-21.11/nixexprs.tar.xz"
      },
      "original": {
        "type": "tarball",
        "url": "https://nixos.org/channels/nixos-21.11/nixexprs.tar.xz"
      }
    },
    "nixos-21-11-small": {
      "locked": {
        "narHash": "sha256-H3h9UXjpUmb8fS+8dZ6VG1zFRxtu+a3ityNTFvsLDjw=",
        "type": "tarball",
        "url": "https://nixos.org/channels/nixos-21.11-small/nixexprs.tar.xz"
      },
      "original": {
        "type": "tarball",
        "url": "https://nixos.org/channels/nixos-21.11-small/nixexprs.tar.xz"
      }
    },
    "nixos-unstable": {
      "locked": {
        "narHash": "sha256-5jzmMPCxDrKsqR5wrLpi2XHgGV+K67D6EZ/t1G/rurg=",
        "type": "tarball",
        "url": "https://nixos.org/channels/nixos-unstable/nixexprs.tar.xz"
      },
      "original": {
        "type": "tarball",
        "url": "https://nixos.org/channels/nixos-unstable/nixexprs.tar.xz"
      }
    },
    "nixos-unstable-small": {
      "locked": {
        "narHash": "sha256-4nZdXSiS87dyGfK60LCX2X2X3925wse7J/PTMYoVUgY=",
        "type": "tarball",
        "url": "https://nixos.org/channels/nixos-unstable-small/nixexprs.tar.xz"
      },
      "original": {
        "type": "tarball",
        "url": "https://nixos.org/channels/nixos-unstable-small/nixexprs.tar.xz"
      }
    },
    "nixpkgs": {
      "locked": {
        "lastModified": 1633021253,
        "narHash": "sha256-QUrDgHeMvm9oY1IlS0XatBmQTgBroeA7TK8+j0iDano=",
        "owner": "NixOS",
        "repo": "nixpkgs",
        "rev": "7017a662007a2d7becd3b0298b341bcaea2d36d3",
        "type": "github"
      },
      "original": {
        "owner": "NixOS",
        "repo": "nixpkgs",
        "type": "github"
      }
    },
    "nixpkgs-regression": {
      "locked": {
        "lastModified": 1643052045,
        "narHash": "sha256-uGJ0VXIhWKGXxkeNnq4TvV3CIOkUJ3PAoLZ3HMzNVMw=",
        "owner": "NixOS",
        "repo": "nixpkgs",
        "rev": "215d4d0fd80ca5163643b03a33fde804a29cc1e2",
        "type": "github"
      },
      "original": {
        "id": "nixpkgs",
        "rev": "215d4d0fd80ca5163643b03a33fde804a29cc1e2",
        "type": "indirect"
      }
    },
    "nixpkgs_2": {
      "locked": {
        "lastModified": 1647291210,
        "narHash": "sha256-O1xLCz3RmXcyBmr1Et/N9SH9Y69CqNv5TFsrdhprwC4=",
        "owner": "NixOS",
        "repo": "nixpkgs",
        "rev": "3239fd2b8f728106491154b44625662e10259af2",
        "type": "github"
      },
      "original": {
        "id": "nixpkgs",
        "type": "indirect"
      }
    },
    "nixpkgs_3": {
      "locked": {
        "lastModified": 1632864508,
        "narHash": "sha256-d127FIvGR41XbVRDPVvozUPQ/uRHbHwvfyKHwEt5xFM=",
        "owner": "NixOS",
        "repo": "nixpkgs",
        "rev": "82891b5e2c2359d7e58d08849e4c89511ab94234",
        "type": "github"
      },
      "original": {
        "id": "nixpkgs",
        "ref": "nixos-21.05-small",
        "type": "indirect"
      }
    },
    "nur": {
      "locked": {
        "lastModified": 1647305275,
        "narHash": "sha256-cy7iVq3FsLIPiTTRhlLt3KFfL5ryPjrFM4pdepD7YAY=",
        "owner": "nix-community",
        "repo": "nur",
        "rev": "3d9da7d6ce2d68f0fb82e5b1b0cee21260808a09",
        "type": "github"
      },
      "original": {
        "owner": "nix-community",
        "repo": "nur",
        "type": "github"
      }
    },
    "release-21-11": {
      "locked": {
        "lastModified": 1647307664,
        "narHash": "sha256-VMve2Ob4EFPJhE/5yRu6PwenFA6eM8gCApl55HROAog=",
        "owner": "NixOS",
        "repo": "nixpkgs",
        "rev": "1b930979f1c9f323d3de80defe0866f7859cc637",
        "type": "github"
      },
      "original": {
        "owner": "NixOS",
        "ref": "release-21.11",
        "repo": "nixpkgs",
        "type": "github"
      }
    },
    "root": {
      "inputs": {
        "emacs": "emacs",
        "extra-container": "extra-container",
        "flake-compat": "flake-compat",
        "flake-utils": "flake-utils_2",
        "hardware": "hardware",
        "home-manager": "home-manager",
        "impermanence": "impermanence",
        "j": "j",
        "master": "master",
        "mozilla": "mozilla",
        "nix": "nix",
        "nixos-21-11": "nixos-21-11",
        "nixos-21-11-small": "nixos-21-11-small",
        "nixos-unstable": "nixos-unstable",
        "nixos-unstable-small": "nixos-unstable-small",
        "nixpkgs": [
          "j"
        ],
        "nur": "nur",
        "release-21-11": "release-21-11",
        "shadowrylander": "shadowrylander"
      }
    },
    "shadowrylander": {
      "flake": false,
      "locked": {
        "lastModified": 1647216926,
        "narHash": "sha256-PrF6xcRsV3c1CbDIp/CBgwceehbEovyzALR3ordTK3o=",
        "owner": "shadowrylander",
        "repo": "shadowrylander",
        "rev": "dd1693a480f422ffd0f9c8a0eeaa70a8207714b7",
        "type": "github"
      },
      "original": {
        "owner": "shadowrylander",
        "repo": "shadowrylander",
        "type": "github"
      }
    }
  },
  "root": "root",
  "version": 7
}
