{
  "nodes": {
    "emacs": {
      "locked": {
        "lastModified": 1648750705,
        "narHash": "sha256-qd4BCLFOZOqliKrVPb5ReRkD0MTJRkHYFhTGsJw15yk=",
        "owner": "nix-community",
        "repo": "emacs-overlay",
        "rev": "19d35fdbc8f231d548ad907c1a9360b885f35840",
        "type": "github"
      },
      "original": {
        "owner": "nix-community",
        "repo": "emacs-overlay",
        "type": "github"
      }
    },
    "extra-container": {
      "inputs": {
        "flake-utils": "flake-utils",
        "nixpkgs": "nixpkgs"
      },
      "locked": {
        "lastModified": 1634384804,
        "narHash": "sha256-QEWKjO1SRgwupq+7eLuokRrFBIq3Dr4U578lUj4w31g=",
        "owner": "erikarvstedt",
        "repo": "extra-container",
        "rev": "639d62a24932409962857d2134fc9fc3cc5b6b61",
        "type": "github"
      },
      "original": {
        "owner": "erikarvstedt",
        "repo": "extra-container",
        "type": "github"
      }
    },
    "flake-compat": {
      "flake": false,
      "locked": {
        "lastModified": 1648199409,
        "narHash": "sha256-JwPKdC2PoVBkG6E+eWw3j6BMR6sL3COpYWfif7RVb8Y=",
        "owner": "edolstra",
        "repo": "flake-compat",
        "rev": "64a525ee38886ab9028e6f61790de0832aa3ef03",
        "type": "github"
      },
      "original": {
        "owner": "edolstra",
        "repo": "flake-compat",
        "type": "github"
      }
    },
    "flake-utils": {
      "locked": {
        "lastModified": 1631561581,
        "narHash": "sha256-3VQMV5zvxaVLvqqUrNz3iJelLw30mIVSfZmAaauM3dA=",
        "owner": "numtide",
        "repo": "flake-utils",
        "rev": "7e5bf3925f6fbdfaf50a2a7ca0be2879c4261d19",
        "type": "github"
      },
      "original": {
        "owner": "numtide",
        "repo": "flake-utils",
        "type": "github"
      }
    },
    "flake-utils_2": {
      "locked": {
        "lastModified": 1648297722,
        "narHash": "sha256-W+qlPsiZd8F3XkzXOzAoR+mpFqzm3ekQkJNa+PIh1BQ=",
        "owner": "numtide",
        "repo": "flake-utils",
        "rev": "0f8662f1319ad6abf89b3380dd2722369fc51ade",
        "type": "github"
      },
      "original": {
        "owner": "numtide",
        "repo": "flake-utils",
        "type": "github"
      }
    },
    "hardware": {
      "locked": {
        "lastModified": 1648141026,
        "narHash": "sha256-h8e3+5EZFbYHTMb0DN2ACuQTJBNHpqigvmEV1w2WIuE=",
        "owner": "nixos",
        "repo": "nixos-hardware",
        "rev": "feceb4d24f582817d8f6e737cd40af9e162dee05",
        "type": "github"
      },
      "original": {
        "owner": "nixos",
        "repo": "nixos-hardware",
        "type": "github"
      }
    },
    "home-manager": {
      "inputs": {
        "nixpkgs": "nixpkgs_2"
      },
      "locked": {
        "lastModified": 1648751066,
        "narHash": "sha256-pYUSID9rSgYnl4PNa45/haCaHUKzY+Ul0fkqqSGflxs=",
        "owner": "nix-community",
        "repo": "home-manager",
        "rev": "cf62e96bf7c72e6a88e0bd43165110f42e44cdb4",
        "type": "github"
      },
      "original": {
        "owner": "nix-community",
        "repo": "home-manager",
        "type": "github"
      }
    },
    "impermanence": {
      "locked": {
        "lastModified": 1646131459,
        "narHash": "sha256-GPmgxvUFvQ1GmsGfWHy9+rcxWrczeDhS9XnAIPHi9XQ=",
        "owner": "nix-community",
        "repo": "impermanence",
        "rev": "2f39baeb7d039fda5fc8225111bb79474138e6f4",
        "type": "github"
      },
      "original": {
        "owner": "nix-community",
        "repo": "impermanence",
        "type": "github"
      }
    },
    "j": {
      "locked": {
        "lastModified": 1648751529,
        "narHash": "sha256-g3EKQNeewOL7foPLieMObA8pfuuVIiB1MjpZFc6H68s=",
        "owner": "shadowrylander",
        "repo": "nixpkgs",
        "rev": "759b4cb51eca39c3664bc0eb92d8e0a2d1a47581",
        "type": "github"
      },
      "original": {
        "owner": "shadowrylander",
        "ref": "j",
        "repo": "nixpkgs",
        "type": "github"
      }
    },
    "lowdown-src": {
      "flake": false,
      "locked": {
        "lastModified": 1633514407,
        "narHash": "sha256-Dw32tiMjdK9t3ETl5fzGrutQTzh2rufgZV4A/BbxuD4=",
        "owner": "kristapsdz",
        "repo": "lowdown",
        "rev": "d2c2b44ff6c27b936ec27358a2653caaef8f73b8",
        "type": "github"
      },
      "original": {
        "owner": "kristapsdz",
        "repo": "lowdown",
        "type": "github"
      }
    },
    "master": {
      "locked": {
        "lastModified": 1648749102,
        "narHash": "sha256-zhKzLo09ikhfGatWot1J1SJaKJwk4trafbzIcfKbAo0=",
        "owner": "NixOS",
        "repo": "nixpkgs",
        "rev": "366a59cdc312601b1d711a066e858bbf49bb9885",
        "type": "github"
      },
      "original": {
        "owner": "NixOS",
        "ref": "master",
        "repo": "nixpkgs",
        "type": "github"
      }
    },
    "mozilla": {
      "locked": {
        "lastModified": 1645464064,
        "narHash": "sha256-YeN4bpPvHkVOpQzb8APTAfE7/R+MFMwJUMkqmfvytSk=",
        "owner": "mozilla",
        "repo": "nixpkgs-mozilla",
        "rev": "15b7a05f20aab51c4ffbefddb1b448e862dccb7d",
        "type": "github"
      },
      "original": {
        "owner": "mozilla",
        "repo": "nixpkgs-mozilla",
        "type": "github"
      }
    },
    "nix": {
      "inputs": {
        "lowdown-src": "lowdown-src",
        "nixpkgs": "nixpkgs_3",
        "nixpkgs-regression": "nixpkgs-regression"
      },
      "locked": {
        "lastModified": 1648749515,
        "narHash": "sha256-EvBiQEv5K5NbzYRAVe5lkl6pI0cVz6rtPf1PG6bkyp4=",
        "owner": "nixos",
        "repo": "nix",
        "rev": "c9a29d0d92529338026190374d0e7e886f486e47",
        "type": "github"
      },
      "original": {
        "owner": "nixos",
        "repo": "nix",
        "type": "github"
      }
    },
    "nixos-21-11": {
      "locked": {
        "narHash": "sha256-wXVxq0AwIOlhI4AIE35whBnz7whEHkW21C/g0uDiicY=",
        "type": "tarball",
        "url": "https://nixos.org/channels/nixos-21.11/nixexprs.tar.xz"
      },
      "original": {
        "type": "tarball",
        "url": "https://nixos.org/channels/nixos-21.11/nixexprs.tar.xz"
      }
    },
    "nixos-21-11-small": {
      "locked": {
        "narHash": "sha256-MoQGXCr7hl6W5Yi7uZ4/JrSs4dw1t1Q2FAYZou5We3Q=",
        "type": "tarball",
        "url": "https://nixos.org/channels/nixos-21.11-small/nixexprs.tar.xz"
      },
      "original": {
        "type": "tarball",
        "url": "https://nixos.org/channels/nixos-21.11-small/nixexprs.tar.xz"
      }
    },
    "nixos-unstable": {
      "locked": {
        "narHash": "sha256-JprMxjsK5fnIHgmtWqfY23D6uKP7ajCYdzU/R3ZVizA=",
        "type": "tarball",
        "url": "https://nixos.org/channels/nixos-unstable/nixexprs.tar.xz"
      },
      "original": {
        "type": "tarball",
        "url": "https://nixos.org/channels/nixos-unstable/nixexprs.tar.xz"
      }
    },
    "nixos-unstable-small": {
      "locked": {
        "narHash": "sha256-tNRAKjBZMkwlhwlfB4uHDEw3Rf3yr9sCWZji/4mBzbA=",
        "type": "tarball",
        "url": "https://nixos.org/channels/nixos-unstable-small/nixexprs.tar.xz"
      },
      "original": {
        "type": "tarball",
        "url": "https://nixos.org/channels/nixos-unstable-small/nixexprs.tar.xz"
      }
    },
    "nixpkgs": {
      "locked": {
        "lastModified": 1633021253,
        "narHash": "sha256-QUrDgHeMvm9oY1IlS0XatBmQTgBroeA7TK8+j0iDano=",
        "owner": "NixOS",
        "repo": "nixpkgs",
        "rev": "7017a662007a2d7becd3b0298b341bcaea2d36d3",
        "type": "github"
      },
      "original": {
        "owner": "NixOS",
        "repo": "nixpkgs",
        "type": "github"
      }
    },
    "nixpkgs-regression": {
      "locked": {
        "lastModified": 1643052045,
        "narHash": "sha256-uGJ0VXIhWKGXxkeNnq4TvV3CIOkUJ3PAoLZ3HMzNVMw=",
        "owner": "NixOS",
        "repo": "nixpkgs",
        "rev": "215d4d0fd80ca5163643b03a33fde804a29cc1e2",
        "type": "github"
      },
      "original": {
        "id": "nixpkgs",
        "rev": "215d4d0fd80ca5163643b03a33fde804a29cc1e2",
        "type": "indirect"
      }
    },
    "nixpkgs_2": {
      "locked": {
        "lastModified": 1648219316,
        "narHash": "sha256-Ctij+dOi0ZZIfX5eMhgwugfvB+WZSrvVNAyAuANOsnQ=",
        "owner": "NixOS",
        "repo": "nixpkgs",
        "rev": "30d3d79b7d3607d56546dd2a6b49e156ba0ec634",
        "type": "github"
      },
      "original": {
        "id": "nixpkgs",
        "type": "indirect"
      }
    },
    "nixpkgs_3": {
      "locked": {
        "lastModified": 1632864508,
        "narHash": "sha256-d127FIvGR41XbVRDPVvozUPQ/uRHbHwvfyKHwEt5xFM=",
        "owner": "NixOS",
        "repo": "nixpkgs",
        "rev": "82891b5e2c2359d7e58d08849e4c89511ab94234",
        "type": "github"
      },
      "original": {
        "id": "nixpkgs",
        "ref": "nixos-21.05-small",
        "type": "indirect"
      }
    },
    "nur": {
      "locked": {
        "lastModified": 1648751578,
        "narHash": "sha256-yCrGEDuKfjgConV0Rs7QjtmfSfDOAaKbn8KhbxF+NBQ=",
        "owner": "nix-community",
        "repo": "nur",
        "rev": "dcb51480c133ac1c6f4c043b07fb5228aafb8a96",
        "type": "github"
      },
      "original": {
        "owner": "nix-community",
        "repo": "nur",
        "type": "github"
      }
    },
    "pinebook-pro": {
      "flake": false,
      "locked": {
        "lastModified": 1648577588,
        "narHash": "sha256-ur0wxh0hrQH2BiFBxfmm16dJtS+tGzIU9EN3EZpSCpQ=",
        "owner": "samueldr",
        "repo": "wip-pinebook-pro",
        "rev": "97751d24818f5fdc7abf4418fcfcc31fecfcc18a",
        "type": "github"
      },
      "original": {
        "owner": "samueldr",
        "repo": "wip-pinebook-pro",
        "type": "github"
      }
    },
    "release-21-11": {
      "locked": {
        "lastModified": 1648744337,
        "narHash": "sha256-bYe1dFJAXovjqiaPKrmAbSBEK5KUkgwVaZcTbSoJ7hg=",
        "owner": "NixOS",
        "repo": "nixpkgs",
        "rev": "0a58eebd8ec65ffdef2ce9562784123a73922052",
        "type": "github"
      },
      "original": {
        "owner": "NixOS",
        "ref": "release-21.11",
        "repo": "nixpkgs",
        "type": "github"
      }
    },
    "root": {
      "inputs": {
        "emacs": "emacs",
        "extra-container": "extra-container",
        "flake-compat": "flake-compat",
        "flake-utils": "flake-utils_2",
        "hardware": "hardware",
        "home-manager": "home-manager",
        "impermanence": "impermanence",
        "j": "j",
        "master": "master",
        "mozilla": "mozilla",
        "nix": "nix",
        "nixos-21-11": "nixos-21-11",
        "nixos-21-11-small": "nixos-21-11-small",
        "nixos-unstable": "nixos-unstable",
        "nixos-unstable-small": "nixos-unstable-small",
        "nixpkgs": [
          "j"
        ],
        "nur": "nur",
        "pinebook-pro": "pinebook-pro",
        "release-21-11": "release-21-11",
        "shadowrylander": "shadowrylander"
      }
    },
    "shadowrylander": {
      "flake": false,
      "locked": {
        "lastModified": 1648748535,
        "narHash": "sha256-LKCsxGjbT9Av+fHIMfx1uOE5ZIRp3JnQcr5xRo35Nw4=",
        "owner": "shadowrylander",
        "repo": "shadowrylander",
        "rev": "b2ad544f2dc7c05ff06abd43b50c9344119aa07d",
        "type": "github"
      },
      "original": {
        "owner": "shadowrylander",
        "repo": "shadowrylander",
        "type": "github"
      }
    }
  },
  "root": "root",
  "version": 7
}
