{
  "nodes": {
    "emacs": {
      "inputs": {
        "flake-utils": "flake-utils",
        "nixpkgs": "nixpkgs"
      },
      "locked": {
        "lastModified": 1655811269,
        "narHash": "sha256-kihWI1XQs+ODBE2CCo5DFuv7+bRaJoPpEgKvtKAAnWc=",
        "owner": "nix-community",
        "repo": "emacs-overlay",
        "rev": "24a3db32a164c797e66f55270390f3ad69e3c8d3",
        "type": "github"
      },
      "original": {
        "owner": "nix-community",
        "repo": "emacs-overlay",
        "type": "github"
      }
    },
    "extra-container": {
      "inputs": {
        "flake-utils": "flake-utils_2",
        "nixpkgs": "nixpkgs_2"
      },
      "locked": {
        "lastModified": 1649710587,
        "narHash": "sha256-kGALPMruRgR1Kz0Cp9l8htG7Xz7aSyu8XWQ8eoaziNg=",
        "owner": "erikarvstedt",
        "repo": "extra-container",
        "rev": "0d7d078548294f3f7663e30be093187c6a21a94d",
        "type": "github"
      },
      "original": {
        "owner": "erikarvstedt",
        "repo": "extra-container",
        "type": "github"
      }
    },
    "flake-compat": {
      "flake": false,
      "locked": {
        "lastModified": 1650374568,
        "narHash": "sha256-Z+s0J8/r907g149rllvwhb4pKi8Wam5ij0st8PwAh+E=",
        "owner": "edolstra",
        "repo": "flake-compat",
        "rev": "b4a34015c698c7793d592d66adbab377907a2be8",
        "type": "github"
      },
      "original": {
        "owner": "edolstra",
        "repo": "flake-compat",
        "type": "github"
      }
    },
    "flake-compat_2": {
      "flake": false,
      "locked": {
        "lastModified": 1650374568,
        "narHash": "sha256-Z+s0J8/r907g149rllvwhb4pKi8Wam5ij0st8PwAh+E=",
        "owner": "edolstra",
        "repo": "flake-compat",
        "rev": "b4a34015c698c7793d592d66adbab377907a2be8",
        "type": "github"
      },
      "original": {
        "owner": "edolstra",
        "repo": "flake-compat",
        "type": "github"
      }
    },
    "flake-utils": {
      "locked": {
        "lastModified": 1653893745,
        "narHash": "sha256-0jntwV3Z8//YwuOjzhV2sgJJPt+HY6KhU7VZUL0fKZQ=",
        "owner": "numtide",
        "repo": "flake-utils",
        "rev": "1ed9fb1935d260de5fe1c2f7ee0ebaae17ed2fa1",
        "type": "github"
      },
      "original": {
        "owner": "numtide",
        "repo": "flake-utils",
        "type": "github"
      }
    },
    "flake-utils_2": {
      "locked": {
        "lastModified": 1631561581,
        "narHash": "sha256-3VQMV5zvxaVLvqqUrNz3iJelLw30mIVSfZmAaauM3dA=",
        "owner": "numtide",
        "repo": "flake-utils",
        "rev": "7e5bf3925f6fbdfaf50a2a7ca0be2879c4261d19",
        "type": "github"
      },
      "original": {
        "owner": "numtide",
        "repo": "flake-utils",
        "type": "github"
      }
    },
    "flake-utils_3": {
      "locked": {
        "lastModified": 1653893745,
        "narHash": "sha256-0jntwV3Z8//YwuOjzhV2sgJJPt+HY6KhU7VZUL0fKZQ=",
        "owner": "numtide",
        "repo": "flake-utils",
        "rev": "1ed9fb1935d260de5fe1c2f7ee0ebaae17ed2fa1",
        "type": "github"
      },
      "original": {
        "owner": "numtide",
        "repo": "flake-utils",
        "type": "github"
      }
    },
    "hardware": {
      "locked": {
        "lastModified": 1655789751,
        "narHash": "sha256-DbL2gn7YwkuX10OdlWfZ/A7zEJztwHh9NMeau1JMTdk=",
        "owner": "nixos",
        "repo": "nixos-hardware",
        "rev": "f9d8dff4e621f2d7f2b84d9e84bc6359715f971c",
        "type": "github"
      },
      "original": {
        "owner": "nixos",
        "repo": "nixos-hardware",
        "type": "github"
      }
    },
    "home-manager": {
      "inputs": {
        "flake-compat": "flake-compat_2",
        "nixpkgs": "nixpkgs_3",
        "nmd": "nmd",
        "nmt": "nmt",
        "utils": "utils"
      },
      "locked": {
        "lastModified": 1655766296,
        "narHash": "sha256-Tw0/LXocQpcouU2/EKTsWQhU9/UUMJwFN3TiJdBoJCw=",
        "owner": "nix-community",
        "repo": "home-manager",
        "rev": "ce563f591195cf363bca382fe02ea5ca87754773",
        "type": "github"
      },
      "original": {
        "owner": "nix-community",
        "repo": "home-manager",
        "type": "github"
      }
    },
    "impermanence": {
      "locked": {
        "lastModified": 1646131459,
        "narHash": "sha256-GPmgxvUFvQ1GmsGfWHy9+rcxWrczeDhS9XnAIPHi9XQ=",
        "owner": "nix-community",
        "repo": "impermanence",
        "rev": "2f39baeb7d039fda5fc8225111bb79474138e6f4",
        "type": "github"
      },
      "original": {
        "owner": "nix-community",
        "repo": "impermanence",
        "type": "github"
      }
    },
    "lowdown-src": {
      "flake": false,
      "locked": {
        "lastModified": 1633514407,
        "narHash": "sha256-Dw32tiMjdK9t3ETl5fzGrutQTzh2rufgZV4A/BbxuD4=",
        "owner": "kristapsdz",
        "repo": "lowdown",
        "rev": "d2c2b44ff6c27b936ec27358a2653caaef8f73b8",
        "type": "github"
      },
      "original": {
        "owner": "kristapsdz",
        "repo": "lowdown",
        "type": "github"
      }
    },
    "mozilla": {
      "locked": {
        "lastModified": 1650459918,
        "narHash": "sha256-sroCK+QJTmoXtcRkwZyKOP9iAYOPID2Bwdxn4GkG16w=",
        "owner": "mozilla",
        "repo": "nixpkgs-mozilla",
        "rev": "e1f7540fc0a8b989fb8cf701dc4fd7fc76bcf168",
        "type": "github"
      },
      "original": {
        "owner": "mozilla",
        "repo": "nixpkgs-mozilla",
        "type": "github"
      }
    },
    "nix": {
      "inputs": {
        "lowdown-src": "lowdown-src",
        "nixpkgs": "nixpkgs_4",
        "nixpkgs-regression": "nixpkgs-regression"
      },
      "locked": {
        "lastModified": 1655820724,
        "narHash": "sha256-nW5zOU4VdFKe7n31G9U8hY3JnUOXCcTUkf1ZjnzI9a0=",
        "owner": "nixos",
        "repo": "nix",
        "rev": "bbe7187db99ee46691e87e8eb8baded850cc3035",
        "type": "github"
      },
      "original": {
        "owner": "nixos",
        "repo": "nix",
        "type": "github"
      }
    },
    "nixos-21-11": {
      "locked": {
        "lastModified": 1655628091,
        "narHash": "sha256-ING2A6VtRSTgNdTiV8rgCNYTWOo2iFl8d5OMO4bOqBo=",
        "owner": "NixOS",
        "repo": "nixpkgs",
        "rev": "15463250cb412f95809f22c151725579904812a9",
        "type": "github"
      },
      "original": {
        "owner": "NixOS",
        "ref": "nixos-21.11",
        "repo": "nixpkgs",
        "type": "github"
      }
    },
    "nixos-21-11-small": {
      "locked": {
        "lastModified": 1655628091,
        "narHash": "sha256-ING2A6VtRSTgNdTiV8rgCNYTWOo2iFl8d5OMO4bOqBo=",
        "owner": "NixOS",
        "repo": "nixpkgs",
        "rev": "15463250cb412f95809f22c151725579904812a9",
        "type": "github"
      },
      "original": {
        "owner": "NixOS",
        "ref": "nixos-21.11-small",
        "repo": "nixpkgs",
        "type": "github"
      }
    },
    "nixos-22-05": {
      "locked": {
        "lastModified": 1655643053,
        "narHash": "sha256-8PMDEr44DwH45PbBijtQcAPyC4Ap+sOO5wK0y5lFvyY=",
        "owner": "NixOS",
        "repo": "nixpkgs",
        "rev": "5afb1b7dcf46c4ded5719525a42879b35363862c",
        "type": "github"
      },
      "original": {
        "owner": "NixOS",
        "ref": "nixos-22.05",
        "repo": "nixpkgs",
        "type": "github"
      }
    },
    "nixos-22-05-small": {
      "locked": {
        "lastModified": 1655791336,
        "narHash": "sha256-D+LJlYyLcrIBJ/hQMu6pp+sBW0FetsfabcUYihEOlm8=",
        "owner": "NixOS",
        "repo": "nixpkgs",
        "rev": "4b4a0539e190279f6c96c43f3d42054c10e6884f",
        "type": "github"
      },
      "original": {
        "owner": "NixOS",
        "ref": "nixos-22.05-small",
        "repo": "nixpkgs",
        "type": "github"
      }
    },
    "nixos-master": {
      "locked": {
        "lastModified": 1655838478,
        "narHash": "sha256-SWxu/sJffp/kcy+wT8mLZpnTIXNP3a9qs0O1IRArOLo=",
        "owner": "NixOS",
        "repo": "nixpkgs",
        "rev": "170a413797473733c5be0dd08cdbbab0e39b8aae",
        "type": "github"
      },
      "original": {
        "owner": "NixOS",
        "ref": "master",
        "repo": "nixpkgs",
        "type": "github"
      }
    },
    "nixos-unstable": {
      "locked": {
        "lastModified": 1655624069,
        "narHash": "sha256-7g1zwTdp35GMTERnSzZMWJ7PG3QdDE8VOX3WsnOkAtM=",
        "owner": "NixOS",
        "repo": "nixpkgs",
        "rev": "0d68d7c857fe301d49cdcd56130e0beea4ecd5aa",
        "type": "github"
      },
      "original": {
        "owner": "NixOS",
        "ref": "nixos-unstable",
        "repo": "nixpkgs",
        "type": "github"
      }
    },
    "nixos-unstable-small": {
      "locked": {
        "lastModified": 1655795082,
        "narHash": "sha256-ijb4A70VG0NQOFkdRkhzAHJCNQVGsuXfKTgMIuJOs64=",
        "owner": "NixOS",
        "repo": "nixpkgs",
        "rev": "f0db300ceb72f40dd48e0687f985dfd9040ad9f7",
        "type": "github"
      },
      "original": {
        "owner": "NixOS",
        "ref": "nixos-unstable-small",
        "repo": "nixpkgs",
        "type": "github"
      }
    },
    "nixpkgs": {
      "locked": {
        "lastModified": 1655567057,
        "narHash": "sha256-Cc5hQSMsTzOHmZnYm8OSJ5RNUp22bd5NADWLHorULWQ=",
        "owner": "NixOS",
        "repo": "nixpkgs",
        "rev": "e0a42267f73ea52adc061a64650fddc59906fc99",
        "type": "github"
      },
      "original": {
        "id": "nixpkgs",
        "type": "indirect"
      }
    },
    "nixpkgs-regression": {
      "locked": {
        "lastModified": 1643052045,
        "narHash": "sha256-uGJ0VXIhWKGXxkeNnq4TvV3CIOkUJ3PAoLZ3HMzNVMw=",
        "owner": "NixOS",
        "repo": "nixpkgs",
        "rev": "215d4d0fd80ca5163643b03a33fde804a29cc1e2",
        "type": "github"
      },
      "original": {
        "owner": "NixOS",
        "repo": "nixpkgs",
        "rev": "215d4d0fd80ca5163643b03a33fde804a29cc1e2",
        "type": "github"
      }
    },
    "nixpkgs_2": {
      "locked": {
        "lastModified": 1638239011,
        "narHash": "sha256-AjhmbT4UBlJWqxY0ea8a6GU2C2HdKUREkG43oRr3TZg=",
        "owner": "NixOS",
        "repo": "nixpkgs",
        "rev": "a7ecde854aee5c4c7cd6177f54a99d2c1ff28a31",
        "type": "github"
      },
      "original": {
        "owner": "NixOS",
        "ref": "21.11",
        "repo": "nixpkgs",
        "type": "github"
      }
    },
    "nixpkgs_3": {
      "locked": {
        "lastModified": 1654230545,
        "narHash": "sha256-8Vlwf0x8ow6pPOK2a04bT+pxIeRnM1+O0Xv9/CuDzRs=",
        "owner": "nixos",
        "repo": "nixpkgs",
        "rev": "236cc2971ac72acd90f0ae3a797f9f83098b17ec",
        "type": "github"
      },
      "original": {
        "owner": "nixos",
        "ref": "nixos-unstable",
        "repo": "nixpkgs",
        "type": "github"
      }
    },
    "nixpkgs_4": {
      "locked": {
        "lastModified": 1653988320,
        "narHash": "sha256-ZaqFFsSDipZ6KVqriwM34T739+KLYJvNmCWzErjAg7c=",
        "owner": "NixOS",
        "repo": "nixpkgs",
        "rev": "2fa57ed190fd6c7c746319444f34b5917666e5c1",
        "type": "github"
      },
      "original": {
        "owner": "NixOS",
        "ref": "nixos-22.05-small",
        "repo": "nixpkgs",
        "type": "github"
      }
    },
    "nmd": {
      "flake": false,
      "locked": {
        "lastModified": 1653339422,
        "narHash": "sha256-8nc7lcYOgih3YEmRMlBwZaLLJYpLPYKBlewqHqx8ieg=",
        "owner": "rycee",
        "repo": "nmd",
        "rev": "9e7a20e6ee3f6751f699f79c0b299390f81f7bcd",
        "type": "gitlab"
      },
      "original": {
        "owner": "rycee",
        "repo": "nmd",
        "type": "gitlab"
      }
    },
    "nmt": {
      "flake": false,
      "locked": {
        "lastModified": 1648075362,
        "narHash": "sha256-u36WgzoA84dMVsGXzml4wZ5ckGgfnvS0ryzo/3zn/Pc=",
        "owner": "rycee",
        "repo": "nmt",
        "rev": "d83601002c99b78c89ea80e5e6ba21addcfe12ae",
        "type": "gitlab"
      },
      "original": {
        "owner": "rycee",
        "repo": "nmt",
        "type": "gitlab"
      }
    },
    "nur": {
      "locked": {
        "lastModified": 1655833407,
        "narHash": "sha256-ZPiUe4NpaQq9ouYZ/XDD/hVd38F5jSm/M9VL/hbSVz8=",
        "owner": "nix-community",
        "repo": "nur",
        "rev": "2a1c4182b52debf5af525b33aa7bf896db9fb1c2",
        "type": "github"
      },
      "original": {
        "owner": "nix-community",
        "repo": "nur",
        "type": "github"
      }
    },
    "pinebook-pro": {
      "flake": false,
      "locked": {
        "lastModified": 1648577588,
        "narHash": "sha256-ur0wxh0hrQH2BiFBxfmm16dJtS+tGzIU9EN3EZpSCpQ=",
        "owner": "samueldr",
        "repo": "wip-pinebook-pro",
        "rev": "97751d24818f5fdc7abf4418fcfcc31fecfcc18a",
        "type": "github"
      },
      "original": {
        "owner": "samueldr",
        "repo": "wip-pinebook-pro",
        "type": "github"
      }
    },
    "root": {
      "inputs": {
        "emacs": "emacs",
        "extra-container": "extra-container",
        "flake-compat": "flake-compat",
        "flake-utils": "flake-utils_3",
        "hardware": "hardware",
        "home-manager": "home-manager",
        "impermanence": "impermanence",
        "mozilla": "mozilla",
        "nix": "nix",
        "nixos-21-11": "nixos-21-11",
        "nixos-21-11-small": "nixos-21-11-small",
        "nixos-22-05": "nixos-22-05",
        "nixos-22-05-small": "nixos-22-05-small",
        "nixos-master": "nixos-master",
        "nixos-unstable": "nixos-unstable",
        "nixos-unstable-small": "nixos-unstable-small",
        "nixpkgs": [
          "nixos-22-05"
        ],
        "nur": "nur",
        "pinebook-pro": "pinebook-pro",
        "shadowrylander": "shadowrylander"
      }
    },
    "shadowrylander": {
      "flake": false,
      "locked": {
        "lastModified": 1655838421,
        "narHash": "sha256-eu4nNOEPgYs2J2LANSs3MiRLfDGYMoqk2vHE4d4CH50=",
        "owner": "shadowrylander",
        "repo": "shadowrylander",
        "rev": "0c108ea27f3d0ab0f6971f82a91f47b8bb02005a",
        "type": "github"
      },
      "original": {
        "owner": "shadowrylander",
        "repo": "shadowrylander",
        "type": "github"
      }
    },
    "utils": {
      "locked": {
        "lastModified": 1653893745,
        "narHash": "sha256-0jntwV3Z8//YwuOjzhV2sgJJPt+HY6KhU7VZUL0fKZQ=",
        "owner": "numtide",
        "repo": "flake-utils",
        "rev": "1ed9fb1935d260de5fe1c2f7ee0ebaae17ed2fa1",
        "type": "github"
      },
      "original": {
        "owner": "numtide",
        "repo": "flake-utils",
        "type": "github"
      }
    }
  },
  "root": "root",
  "version": 7
}
