{
  "nodes": {
    "agenix": {
      "inputs": {
        "nixpkgs": [
          "nixpkgs"
        ]
      },
      "locked": {
        "lastModified": 1620877075,
        "narHash": "sha256-XvgTqtmQZHegu9UMDSR50gK5cHEM2gbnRH0qecmdN54=",
        "owner": "ryantm",
        "repo": "agenix",
        "rev": "e543aa7d68f222e1e771165da9e9a64b5bf7b3e3",
        "type": "github"
      },
      "original": {
        "owner": "ryantm",
        "ref": "master",
        "repo": "agenix",
        "type": "github"
      }
    },
    "agenix_2": {
      "inputs": {
        "flake-utils": "flake-utils_2",
        "nixpkgs": [
          "nixpkgs"
        ]
      },
      "locked": {
        "lastModified": 1615916832,
        "narHash": "sha256-2F/ZLEw1KzcRPKQouA3Aa4i6IVfUwB8Ypq3nwEtVYL4=",
        "owner": "ryantm",
        "repo": "agenix",
        "rev": "f30f0eeb116ad1bebf5f0c48d53682de5e3be3a5",
        "type": "github"
      },
      "original": {
        "owner": "ryantm",
        "repo": "agenix",
        "type": "github"
      }
    },
    "aleclearmind": {
      "flake": false,
      "locked": {
        "lastModified": 1578093229,
        "narHash": "sha256-a7fUcs4h4UCmBlvygB7mWW/5VjVpotOmEgJtT25mr/c=",
        "owner": "aleclearmind",
        "repo": "nested-tmux",
        "rev": "58c69f93d1039cee074b60b216bbcced9262196b",
        "type": "github"
      },
      "original": {
        "owner": "aleclearmind",
        "repo": "nested-tmux",
        "type": "github"
      }
    },
    "bashCompletions": {
      "flake": false,
      "locked": {
        "lastModified": 1620594019,
        "narHash": "sha256-wB/d2Ej9zex06uKXVwsTRxWXSFqU8eC6eindMipgu/0=",
        "owner": "scop",
        "repo": "bash-completion",
        "rev": "23382c0f6384ad3224e5695bda463abbf3f47529",
        "type": "github"
      },
      "original": {
        "owner": "scop",
        "repo": "bash-completion",
        "type": "github"
      }
    },
    "doom-emacs": {
      "flake": false,
      "locked": {
        "lastModified": 1620845520,
        "narHash": "sha256-XTyH1e+mBVmKM/AWMTuByzQCwj3nTCboutbBeCDjRSY=",
        "owner": "hlissner",
        "repo": "doom-emacs",
        "rev": "6d2c6b44fa915ed5db8ebcae91e9355a9ef7b663",
        "type": "github"
      },
      "original": {
        "owner": "hlissner",
        "repo": "doom-emacs",
        "type": "github"
      }
    },
    "emacs-overlay": {
      "locked": {
        "lastModified": 1617965204,
        "narHash": "sha256-tvAjsgboc4zfgARPrLXgYEG6/ZlVBQGW6dpVKRYetrE=",
        "owner": "nix-community",
        "repo": "emacs-overlay",
        "rev": "16968ada205aa0327a91fcc3d79e0bbf39f01a34",
        "type": "github"
      },
      "original": {
        "owner": "nix-community",
        "repo": "emacs-overlay",
        "type": "github"
      }
    },
    "extraContainer": {
      "flake": false,
      "locked": {
        "lastModified": 1613389174,
        "narHash": "sha256-CakUODzrZ+tEjiGMvvHc/HPI+mjkerkA+AnhB5fvaFA=",
        "owner": "erikarvstedt",
        "repo": "extra-container",
        "rev": "66c8c3d4480e9cb076a966cd7b71fc672f0dfbb6",
        "type": "github"
      },
      "original": {
        "owner": "erikarvstedt",
        "repo": "extra-container",
        "type": "github"
      }
    },
    "flake-compat": {
      "flake": false,
      "locked": {
        "lastModified": 1606424373,
        "narHash": "sha256-oq8d4//CJOrVj+EcOaSXvMebvuTkmBJuT5tzlfewUnQ=",
        "owner": "edolstra",
        "repo": "flake-compat",
        "rev": "99f1c2157fba4bfe6211a321fd0ee43199025dbf",
        "type": "github"
      },
      "original": {
        "owner": "edolstra",
        "repo": "flake-compat",
        "type": "github"
      }
    },
    "flake-utils": {
      "locked": {
        "lastModified": 1620759905,
        "narHash": "sha256-WiyWawrgmyN0EdmiHyG2V+fqReiVi8bM9cRdMaKQOFg=",
        "owner": "numtide",
        "repo": "flake-utils",
        "rev": "b543720b25df6ffdfcf9227afafc5b8c1fabfae8",
        "type": "github"
      },
      "original": {
        "owner": "numtide",
        "ref": "master",
        "repo": "flake-utils",
        "type": "github"
      }
    },
    "flake-utils_2": {
      "locked": {
        "lastModified": 1600209923,
        "narHash": "sha256-zoOWauTliFEjI++esk6Jzk7QO5EKpddWXQm9yQK24iM=",
        "owner": "numtide",
        "repo": "flake-utils",
        "rev": "3cd06d3c1df6879c9e41cb2c33113df10566c760",
        "type": "github"
      },
      "original": {
        "owner": "numtide",
        "repo": "flake-utils",
        "type": "github"
      }
    },
    "grml": {
      "flake": false,
      "locked": {
        "lastModified": 1611318578,
        "narHash": "sha256-5QwP+dMOm6UBbQ1X1OcHawHSi3DJIciny2sV7biE18c=",
        "owner": "grml",
        "repo": "grml-etc-core",
        "rev": "03190b2e7addd10c62bf17caa3c1530d8de72926",
        "type": "github"
      },
      "original": {
        "owner": "grml",
        "repo": "grml-etc-core",
        "type": "github"
      }
    },
    "hlissner": {
      "inputs": {
        "agenix": "agenix_2",
        "emacs-overlay": "emacs-overlay",
        "home-manager": "home-manager",
        "nixos-hardware": "nixos-hardware",
        "nixpkgs": [
          "nixpkgs"
        ],
        "nixpkgs-unstable": "nixpkgs-unstable"
      },
      "locked": {
        "lastModified": 1618360200,
        "narHash": "sha256-7KsmLGk5wXVKtIW6y9nGh4rD+rEXky8w8Qx8v7ZaBoI=",
        "owner": "hlissner",
        "repo": "dotfiles",
        "rev": "1173284b76561d41edcb17062badccda012f7f2e",
        "type": "github"
      },
      "original": {
        "owner": "hlissner",
        "ref": "master",
        "repo": "dotfiles",
        "type": "github"
      }
    },
    "home-manager": {
      "inputs": {
        "nixpkgs": [
          "nixpkgs"
        ]
      },
      "locked": {
        "lastModified": 1617894699,
        "narHash": "sha256-zlG3xNXgqo5pbMmfq8YaqGoVjElHnTDnEz13A+pUbZY=",
        "owner": "rycee",
        "repo": "home-manager",
        "rev": "56f5f41ed42f7d476a7c79fa8ec71f5605487abf",
        "type": "github"
      },
      "original": {
        "owner": "rycee",
        "ref": "master",
        "repo": "home-manager",
        "type": "github"
      }
    },
    "home-manager-flake": {
      "inputs": {
        "nixpkgs": [
          "nixpkgs"
        ]
      },
      "locked": {
        "lastModified": 1620692082,
        "narHash": "sha256-s/eBXs4OI47yPWNTKoAg4f/H7wMLyO+VEMmobXkzfI8=",
        "owner": "nix-community",
        "repo": "home-manager",
        "rev": "23769994e8f7b212d9a257799173b120ed87736b",
        "type": "github"
      },
      "original": {
        "owner": "nix-community",
        "ref": "master",
        "repo": "home-manager",
        "type": "github"
      }
    },
    "impermanence-flake": {
      "locked": {
        "lastModified": 1611747548,
        "narHash": "sha256-2z5wmWda1uI4IkTZrW52jiHq3bzhYLc+GgjvaSd544M=",
        "owner": "nix-community",
        "repo": "impermanence",
        "rev": "58558845bc68dcf2bb32caa80564f7fe3f6cbc61",
        "type": "github"
      },
      "original": {
        "owner": "nix-community",
        "ref": "master",
        "repo": "impermanence",
        "type": "github"
      }
    },
    "kittyThemes": {
      "flake": false,
      "locked": {
        "lastModified": 1573943989,
        "narHash": "sha256-DBvkVxInRhKhx5S7dzz5bcSFCf1h6A27h+lIPIXLr4U=",
        "owner": "dexpota",
        "repo": "kitty-themes",
        "rev": "fca3335489bdbab4cce150cb440d3559ff5400e2",
        "type": "github"
      },
      "original": {
        "owner": "dexpota",
        "repo": "kitty-themes",
        "type": "github"
      }
    },
    "nixos-hardware": {
      "locked": {
        "lastModified": 1617690895,
        "narHash": "sha256-5TUizPI+ibn/LBzevTIIyIZ1XeLl3HU0PTRk7H6AKTQ=",
        "owner": "nixos",
        "repo": "nixos-hardware",
        "rev": "7c00c8b5cab5dedb6519eabba7ca6d069e2dfdae",
        "type": "github"
      },
      "original": {
        "owner": "nixos",
        "repo": "nixos-hardware",
        "type": "github"
      }
    },
    "nixos-surface": {
      "flake": false,
      "locked": {
        "lastModified": 1598339579,
        "narHash": "sha256-Vx1Pjc+PoP+ourjU2zq8HxbPr+CoPWFcOitUeH6fSqA=",
        "owner": "anthe",
        "repo": "nixos-surface",
        "rev": "812cfab286dbf279d72796afd5303a9af5fb7c33",
        "type": "github"
      },
      "original": {
        "owner": "anthe",
        "repo": "nixos-surface",
        "type": "github"
      }
    },
    "nixpkgs": {
      "locked": {
        "lastModified": 1620954321,
        "narHash": "sha256-2vppMVpxgGwtrzoR2u0IkGmjyu0B9VWvIB/fPwA44mw=",
        "owner": "NixOS",
        "repo": "nixpkgs",
        "rev": "8d51ba4515a3ca023a9c302d3d5634037418f724",
        "type": "github"
      },
      "original": {
        "owner": "NixOS",
        "ref": "master",
        "repo": "nixpkgs",
        "type": "github"
      }
    },
    "nixpkgs-unstable": {
      "locked": {
        "lastModified": 1617987980,
        "narHash": "sha256-0D5vcBHvccMIpdZN9h4TqPGdiiRuGMpaO4jaj4iJu50=",
        "owner": "NixOS",
        "repo": "nixpkgs",
        "rev": "ae09772927566314ad11e366ddb46a9c7ffb666a",
        "type": "github"
      },
      "original": {
        "id": "nixpkgs",
        "ref": "master",
        "type": "indirect"
      }
    },
    "oh-my-tmux": {
      "flake": false,
      "locked": {
        "lastModified": 1620719373,
        "narHash": "sha256-tnkA2Q7qCHzo9OqG3s66ih621pfKllJ1V8WnkOwcyJc=",
        "owner": "gpakosz",
        "repo": ".tmux",
        "rev": "1f91646af104ed423054a1dd47a3b8c7ae69cfbc",
        "type": "github"
      },
      "original": {
        "owner": "gpakosz",
        "repo": ".tmux",
        "type": "github"
      }
    },
    "powerline": {
      "flake": false,
      "locked": {
        "lastModified": 1615747517,
        "narHash": "sha256-RHVet6mDtZLtYXlx5mCZ4V0l0cMVw8Pr+7E58/o3/Pc=",
        "owner": "powerline",
        "repo": "powerline",
        "rev": "7310d53adef5ba5829712b1ac06839be1b4852b9",
        "type": "github"
      },
      "original": {
        "owner": "powerline",
        "repo": "powerline",
        "type": "github"
      }
    },
    "root": {
      "inputs": {
        "agenix": "agenix",
        "aleclearmind": "aleclearmind",
        "bashCompletions": "bashCompletions",
        "doom-emacs": "doom-emacs",
        "extraContainer": "extraContainer",
        "flake-compat": "flake-compat",
        "flake-utils": "flake-utils",
        "grml": "grml",
        "hlissner": "hlissner",
        "home-manager-flake": "home-manager-flake",
        "impermanence-flake": "impermanence-flake",
        "kittyThemes": "kittyThemes",
        "nixos-surface": "nixos-surface",
        "nixpkgs": "nixpkgs",
        "oh-my-tmux": "oh-my-tmux",
        "powerline": "powerline",
        "spacevim": "spacevim",
        "tpm": "tpm",
        "xanmodV5104Cacule": "xanmodV5104Cacule",
        "xanmodV5914Cacule": "xanmodV5914Cacule",
        "xeroFigletFonts": "xeroFigletFonts"
      }
    },
    "spacevim": {
      "flake": false,
      "locked": {
        "lastModified": 1620397379,
        "narHash": "sha256-q8C19F0x6UTx4uDUmZLQ71yS49ZNUHve28P7917e8wo=",
        "owner": "spacevim",
        "repo": "spacevim",
        "rev": "7ae88264ee62780ea2164a06a213f04eb3159176",
        "type": "github"
      },
      "original": {
        "owner": "spacevim",
        "repo": "spacevim",
        "type": "github"
      }
    },
    "tpm": {
      "flake": false,
      "locked": {
        "lastModified": 1615805450,
        "narHash": "sha256-OkfqfGDkWcTU/lvxkz1YDui4EaM2XlVk6KJ+jG0hyQw=",
        "owner": "tmux-plugins",
        "repo": "tpm",
        "rev": "2afeff1529ec85d0c5ced5ece3714c2220b646a5",
        "type": "github"
      },
      "original": {
        "owner": "tmux-plugins",
        "repo": "tpm",
        "type": "github"
      }
    },
    "xanmodV5104Cacule": {
      "flake": false,
      "locked": {
        "lastModified": 1609427822,
        "narHash": "sha256-FmszWO4gv1T930foRoExU/13J2mnCZ2GjrASsjpHo/w=",
        "owner": "xanmod",
        "repo": "linux",
        "rev": "53a7651e34d72d60b7c8db663cf308ce75474f99",
        "type": "github"
      },
      "original": {
        "owner": "xanmod",
        "ref": "5.10.4-xanmod1-cacule",
        "repo": "linux",
        "type": "github"
      }
    },
    "xanmodV5914Cacule": {
      "flake": false,
      "locked": {
        "lastModified": 1607880442,
        "narHash": "sha256-hDU+n/lvDUogrpB5p+f33iJVIlqtAM9Uz97mz9E080o=",
        "owner": "xanmod",
        "repo": "linux",
        "rev": "54b0fc4b9f36b85b21f49872483085bb2c2f4355",
        "type": "github"
      },
      "original": {
        "owner": "xanmod",
        "ref": "5.9.14-xanmod1-cacule",
        "repo": "linux",
        "type": "github"
      }
    },
    "xeroFigletFonts": {
      "flake": false,
      "locked": {
        "lastModified": 1589823137,
        "narHash": "sha256-2KRQ/ar9CtTPIOMBrZXcbQzOUdvsI7VjbjHMU6FSekg=",
        "owner": "xero",
        "repo": "figlet-fonts",
        "rev": "2f821cf9b4d20ab5f392f8b7627adbb4e8531831",
        "type": "github"
      },
      "original": {
        "owner": "xero",
        "repo": "figlet-fonts",
        "type": "github"
      }
    }
  },
  "root": "root",
  "version": 7
}
